
Microsoft Visual Studio Solution File, Format Version 12.00
# Visual Studio 15
VisualStudioVersion = 15.0.27703.2042
MinimumVisualStudioVersion = 10.0.40219.1
Project("{9A19103F-16F7-4668-BE54-9A1E7A4F7556}") = "VideoStore.API", "VideoStore.API\VideoStore.API.csproj", "{348E9EF6-3E73-4B3E-9E9C-BEB433F29686}"
EndProject
Project("{9A19103F-16F7-4668-BE54-9A1E7A4F7556}") = "VideoStore.Business", "VideoStore.Business\VideoStore.Business.csproj", "{EFF1834B-2380-4DF6-8620-14AFC18DFE67}"
EndProject
Project("{9A19103F-16F7-4668-BE54-9A1E7A4F7556}") = "VideoStore.Business.Tests", "VideoStore.Business.Tests\VideoStore.Business.Tests.csproj", "{D6D80093-D523-4B95-90F5-99F201D56EF1}"
EndProject
Global
	GlobalSection(SolutionConfigurationPlatforms) = preSolution
		Debug|Any CPU = Debug|Any CPU
		Release|Any CPU = Release|Any CPU
	EndGlobalSection
	GlobalSection(ProjectConfigurationPlatforms) = postSolution
		{348E9EF6-3E73-4B3E-9E9C-BEB433F29686}.Debug|Any CPU.ActiveCfg = Debug|Any CPU
		{348E9EF6-3E73-4B3E-9E9C-BEB433F29686}.Debug|Any CPU.Build.0 = Debug|Any CPU
		{348E9EF6-3E73-4B3E-9E9C-BEB433F29686}.Release|Any CPU.ActiveCfg = Release|Any CPU
		{348E9EF6-3E73-4B3E-9E9C-BEB433F29686}.Release|Any CPU.Build.0 = Release|Any CPU
		{EFF1834B-2380-4DF6-8620-14AFC18DFE67}.Debug|Any CPU.ActiveCfg = Debug|Any CPU
		{EFF1834B-2380-4DF6-8620-14AFC18DFE67}.Debug|Any CPU.Build.0 = Debug|Any CPU
		{EFF1834B-2380-4DF6-8620-14AFC18DFE67}.Release|Any CPU.ActiveCfg = Release|Any CPU
		{EFF1834B-2380-4DF6-8620-14AFC18DFE67}.Release|Any CPU.Build.0 = Release|Any CPU
		{D6D80093-D523-4B95-90F5-99F201D56EF1}.Debug|Any CPU.ActiveCfg = Debug|Any CPU
		{D6D80093-D523-4B95-90F5-99F201D56EF1}.Debug|Any CPU.Build.0 = Debug|Any CPU
		{D6D80093-D523-4B95-90F5-99F201D56EF1}.Release|Any CPU.ActiveCfg = Release|Any CPU
		{D6D80093-D523-4B95-90F5-99F201D56EF1}.Release|Any CPU.Build.0 = Release|Any CPU
	EndGlobalSection
	GlobalSection(SolutionProperties) = preSolution
		HideSolutionNode = FALSE
	EndGlobalSection
	GlobalSection(ExtensibilityGlobals) = postSolution
		SolutionGuid = {D91D0D7E-B337-42D0-9A92-2A3DE3B4354B}
	EndGlobalSection
EndGlobal
